
Microsoft Visual Studio Solution File, Format Version 12.00
# Visual Studio Version 17
VisualStudioVersion = 17.6.33723.286
MinimumVisualStudioVersion = 10.0.40219.1
Project("{FAE04EC0-301F-11D3-BF4B-00C04F79EFBC}") = "PlanifApp", "PlanifApp.csproj", "{7C2AB8DD-D7CB-4ADD-BEDD-1F117BBD3EE8}"
EndProject
Global
	GlobalSection(SolutionConfigurationPlatforms) = preSolution
		Debug|Any CPU = Debug|Any CPU
		Release|Any CPU = Release|Any CPU
	EndGlobalSection
	GlobalSection(ProjectConfigurationPlatforms) = postSolution
		{7C2AB8DD-D7CB-4ADD-BEDD-1F117BBD3EE8}.Debug|Any CPU.ActiveCfg = Debug|Any CPU
		{7C2AB8DD-D7CB-4ADD-BEDD-1F117BBD3EE8}.Debug|Any CPU.Build.0 = Debug|Any CPU
		{7C2AB8DD-D7CB-4ADD-BEDD-1F117BBD3EE8}.Release|Any CPU.ActiveCfg = Release|Any CPU
		{7C2AB8DD-D7CB-4ADD-BEDD-1F117BBD3EE8}.Release|Any CPU.Build.0 = Release|Any CPU
	EndGlobalSection
	GlobalSection(SolutionProperties) = preSolution
		HideSolutionNode = FALSE
	EndGlobalSection
	GlobalSection(ExtensibilityGlobals) = postSolution
		SolutionGuid = {3080D8F1-418D-476E-8902-8B57AE68A89B}
	EndGlobalSection
EndGlobal
